
Microsoft Visual Studio Solution File, Format Version 12.00
# Visual Studio Version 17
VisualStudioVersion = 17.0.31903.59
MinimumVisualStudioVersion = 10.0.40219.1
Project("{FAE04EC0-301F-11D3-BF4B-00C04F79EFBC}") = "API", "API\API.csproj", "{818535C3-96AD-46BB-8071-AD4965BD702D}"
EndProject
Project("{FAE04EC0-301F-11D3-BF4B-00C04F79EFBC}") = "Application", "Application\Application.csproj", "{91A856E2-396E-41E8-89C9-3D5AE774E634}"
EndProject
Project("{FAE04EC0-301F-11D3-BF4B-00C04F79EFBC}") = "Domain", "Domain\Domain.csproj", "{6D33145E-F282-49D1-914C-B2FF54C7622B}"
EndProject
Project("{FAE04EC0-301F-11D3-BF4B-00C04F79EFBC}") = "Persistence", "Persistence\Persistence.csproj", "{F3278F9F-80FD-4BA4-AE83-2DCD132550D2}"
EndProject
Global
	GlobalSection(SolutionConfigurationPlatforms) = preSolution
		Debug|Any CPU = Debug|Any CPU
		Release|Any CPU = Release|Any CPU
	EndGlobalSection
	GlobalSection(SolutionProperties) = preSolution
		HideSolutionNode = FALSE
	EndGlobalSection
	GlobalSection(ProjectConfigurationPlatforms) = postSolution
		{818535C3-96AD-46BB-8071-AD4965BD702D}.Debug|Any CPU.ActiveCfg = Debug|Any CPU
		{818535C3-96AD-46BB-8071-AD4965BD702D}.Debug|Any CPU.Build.0 = Debug|Any CPU
		{818535C3-96AD-46BB-8071-AD4965BD702D}.Release|Any CPU.ActiveCfg = Release|Any CPU
		{818535C3-96AD-46BB-8071-AD4965BD702D}.Release|Any CPU.Build.0 = Release|Any CPU
		{91A856E2-396E-41E8-89C9-3D5AE774E634}.Debug|Any CPU.ActiveCfg = Debug|Any CPU
		{91A856E2-396E-41E8-89C9-3D5AE774E634}.Debug|Any CPU.Build.0 = Debug|Any CPU
		{91A856E2-396E-41E8-89C9-3D5AE774E634}.Release|Any CPU.ActiveCfg = Release|Any CPU
		{91A856E2-396E-41E8-89C9-3D5AE774E634}.Release|Any CPU.Build.0 = Release|Any CPU
		{6D33145E-F282-49D1-914C-B2FF54C7622B}.Debug|Any CPU.ActiveCfg = Debug|Any CPU
		{6D33145E-F282-49D1-914C-B2FF54C7622B}.Debug|Any CPU.Build.0 = Debug|Any CPU
		{6D33145E-F282-49D1-914C-B2FF54C7622B}.Release|Any CPU.ActiveCfg = Release|Any CPU
		{6D33145E-F282-49D1-914C-B2FF54C7622B}.Release|Any CPU.Build.0 = Release|Any CPU
		{F3278F9F-80FD-4BA4-AE83-2DCD132550D2}.Debug|Any CPU.ActiveCfg = Debug|Any CPU
		{F3278F9F-80FD-4BA4-AE83-2DCD132550D2}.Debug|Any CPU.Build.0 = Debug|Any CPU
		{F3278F9F-80FD-4BA4-AE83-2DCD132550D2}.Release|Any CPU.ActiveCfg = Release|Any CPU
		{F3278F9F-80FD-4BA4-AE83-2DCD132550D2}.Release|Any CPU.Build.0 = Release|Any CPU
	EndGlobalSection
EndGlobal
